
Microsoft Visual Studio Solution File, Format Version 12.00
# Visual Studio Version 17
VisualStudioVersion = 17.8.34511.84
MinimumVisualStudioVersion = 10.0.40219.1
Project("{FAE04EC0-301F-11D3-BF4B-00C04F79EFBC}") = "Arif_ShapesGenerator", "Arif_ShapesGenerator.csproj", "{60433E32-C9A8-4435-840E-444FE6E1FF30}"
EndProject
Project("{FAE04EC0-301F-11D3-BF4B-00C04F79EFBC}") = "ShapeTests", "..\ShapeTests\ShapeTests.csproj", "{6CF690DD-AC16-4E8E-9AF6-4A2D7212EF48}"
EndProject
Global
	GlobalSection(SolutionConfigurationPlatforms) = preSolution
		Debug|Any CPU = Debug|Any CPU
		Release|Any CPU = Release|Any CPU
	EndGlobalSection
	GlobalSection(ProjectConfigurationPlatforms) = postSolution
		{60433E32-C9A8-4435-840E-444FE6E1FF30}.Debug|Any CPU.ActiveCfg = Debug|Any CPU
		{60433E32-C9A8-4435-840E-444FE6E1FF30}.Debug|Any CPU.Build.0 = Debug|Any CPU
		{60433E32-C9A8-4435-840E-444FE6E1FF30}.Release|Any CPU.ActiveCfg = Release|Any CPU
		{60433E32-C9A8-4435-840E-444FE6E1FF30}.Release|Any CPU.Build.0 = Release|Any CPU
		{6CF690DD-AC16-4E8E-9AF6-4A2D7212EF48}.Debug|Any CPU.ActiveCfg = Debug|Any CPU
		{6CF690DD-AC16-4E8E-9AF6-4A2D7212EF48}.Debug|Any CPU.Build.0 = Debug|Any CPU
		{6CF690DD-AC16-4E8E-9AF6-4A2D7212EF48}.Release|Any CPU.ActiveCfg = Release|Any CPU
		{6CF690DD-AC16-4E8E-9AF6-4A2D7212EF48}.Release|Any CPU.Build.0 = Release|Any CPU
	EndGlobalSection
	GlobalSection(SolutionProperties) = preSolution
		HideSolutionNode = FALSE
	EndGlobalSection
	GlobalSection(ExtensibilityGlobals) = postSolution
		SolutionGuid = {5111CF11-F28C-4EE2-993E-EDAD95CF58E8}
	EndGlobalSection
EndGlobal
